
Microsoft Visual Studio Solution File, Format Version 12.00
# Visual Studio Version 17
VisualStudioVersion = 17.7.34202.233
MinimumVisualStudioVersion = 10.0.40219.1
Project("{FAE04EC0-301F-11D3-BF4B-00C04F79EFBC}") = "Supermarket-mvp", "Supermarket-mvp.csproj", "{BAFCE8C4-4295-445C-9E54-75936823728F}"
EndProject
Global
	GlobalSection(SolutionConfigurationPlatforms) = preSolution
		Debug|Any CPU = Debug|Any CPU
		Release|Any CPU = Release|Any CPU
	EndGlobalSection
	GlobalSection(ProjectConfigurationPlatforms) = postSolution
		{BAFCE8C4-4295-445C-9E54-75936823728F}.Debug|Any CPU.ActiveCfg = Debug|Any CPU
		{BAFCE8C4-4295-445C-9E54-75936823728F}.Debug|Any CPU.Build.0 = Debug|Any CPU
		{BAFCE8C4-4295-445C-9E54-75936823728F}.Release|Any CPU.ActiveCfg = Release|Any CPU
		{BAFCE8C4-4295-445C-9E54-75936823728F}.Release|Any CPU.Build.0 = Release|Any CPU
	EndGlobalSection
	GlobalSection(SolutionProperties) = preSolution
		HideSolutionNode = FALSE
	EndGlobalSection
	GlobalSection(ExtensibilityGlobals) = postSolution
		SolutionGuid = {F4148DD6-6CFE-4CA3-B12B-07E93F73DF84}
	EndGlobalSection
EndGlobal
